
Microsoft Visual Studio Solution File, Format Version 12.00
# Visual Studio Version 17
VisualStudioVersion = 17.4.33103.184
MinimumVisualStudioVersion = 10.0.40219.1
Project("{FAE04EC0-301F-11D3-BF4B-00C04F79EFBC}") = "Project_Sokoban", "Project_Sokoban.csproj", "{6132D71C-25FC-4E90-98C1-433528F7B42B}"
EndProject
Global
	GlobalSection(SolutionConfigurationPlatforms) = preSolution
		Debug|Any CPU = Debug|Any CPU
		Release|Any CPU = Release|Any CPU
	EndGlobalSection
	GlobalSection(ProjectConfigurationPlatforms) = postSolution
		{6132D71C-25FC-4E90-98C1-433528F7B42B}.Debug|Any CPU.ActiveCfg = Debug|Any CPU
		{6132D71C-25FC-4E90-98C1-433528F7B42B}.Debug|Any CPU.Build.0 = Debug|Any CPU
		{6132D71C-25FC-4E90-98C1-433528F7B42B}.Release|Any CPU.ActiveCfg = Release|Any CPU
		{6132D71C-25FC-4E90-98C1-433528F7B42B}.Release|Any CPU.Build.0 = Release|Any CPU
	EndGlobalSection
	GlobalSection(SolutionProperties) = preSolution
		HideSolutionNode = FALSE
	EndGlobalSection
	GlobalSection(ExtensibilityGlobals) = postSolution
		SolutionGuid = {8C8189AD-8B93-4B27-B54F-DCFDA1C4622E}
	EndGlobalSection
EndGlobal
